// !$*UTF8*$!
{
	archiveVersion = 1;
	classes = {
	};
	objectVersion = 48;
	objects = {

/* Begin PBXBuildFile section */
		B6FB06A3619498F0850B661A /* Pods_ProjectNotification.framework in Frameworks */ = {isa = PBXBuildFile; fileRef = 19D8136513045712D350E2E2 /* Pods_ProjectNotification.framework */; };
		F3024C081FC1D17D009B4F07 /* AppDelegate.swift in Sources */ = {isa = PBXBuildFile; fileRef = F3024C071FC1D17D009B4F07 /* AppDelegate.swift */; };
		F3024C0A1FC1D17D009B4F07 /* ViewController.swift in Sources */ = {isa = PBXBuildFile; fileRef = F3024C091FC1D17D009B4F07 /* ViewController.swift */; };
		F3024C0D1FC1D17D009B4F07 /* Main.storyboard in Resources */ = {isa = PBXBuildFile; fileRef = F3024C0B1FC1D17D009B4F07 /* Main.storyboard */; };
		F3024C0F1FC1D17D009B4F07 /* Assets.xcassets in Resources */ = {isa = PBXBuildFile; fileRef = F3024C0E1FC1D17D009B4F07 /* Assets.xcassets */; };
		F3024C121FC1D17D009B4F07 /* LaunchScreen.storyboard in Resources */ = {isa = PBXBuildFile; fileRef = F3024C101FC1D17D009B4F07 /* LaunchScreen.storyboard */; };
		F37D2BAC1FC1D72E00A20781 /* SendNotificationViewController.swift in Sources */ = {isa = PBXBuildFile; fileRef = F37D2BAB1FC1D72E00A20781 /* SendNotificationViewController.swift */; };
/* End PBXBuildFile section */

/* Begin PBXFileReference section */
		19D8136513045712D350E2E2 /* Pods_ProjectNotification.framework */ = {isa = PBXFileReference; explicitFileType = wrapper.framework; includeInIndex = 0; path = Pods_ProjectNotification.framework; sourceTree = BUILT_PRODUCTS_DIR; };
		2487A40A0709EC3CE9F7051B /* Pods-ProjectNotification.debug.xcconfig */ = {isa = PBXFileReference; includeInIndex = 1; lastKnownFileType = text.xcconfig; name = "Pods-ProjectNotification.debug.xcconfig"; path = "Pods/Target Support Files/Pods-ProjectNotification/Pods-ProjectNotification.debug.xcconfig"; sourceTree = "<group>"; };
		C3A979A852397ABCC47D123B /* Pods-ProjectNotification.release.xcconfig */ = {isa = PBXFileReference; includeInIndex = 1; lastKnownFileType = text.xcconfig; name = "Pods-ProjectNotification.release.xcconfig"; path = "Pods/Target Support Files/Pods-ProjectNotification/Pods-ProjectNotification.release.xcconfig"; sourceTree = "<group>"; };
		F3024C041FC1D17D009B4F07 /* ProjectNotification.app */ = {isa = PBXFileReference; explicitFileType = wrapper.application; includeInIndex = 0; path = ProjectNotification.app; sourceTree = BUILT_PRODUCTS_DIR; };
		F3024C071FC1D17D009B4F07 /* AppDelegate.swift */ = {isa = PBXFileReference; lastKnownFileType = sourcecode.swift; path = AppDelegate.swift; sourceTree = "<group>"; };
		F3024C091FC1D17D009B4F07 /* ViewController.swift */ = {isa = PBXFileReference; lastKnownFileType = sourcecode.swift; path = ViewController.swift; sourceTree = "<group>"; };
		F3024C0C1FC1D17D009B4F07 /* Base */ = {isa = PBXFileReference; lastKnownFileType = file.storyboard; name = Base; path = Base.lproj/Main.storyboard; sourceTree = "<group>"; };
		F3024C0E1FC1D17D009B4F07 /* Assets.xcassets */ = {isa = PBXFileReference; lastKnownFileType = folder.assetcatalog; path = Assets.xcassets; sourceTree = "<group>"; };
		F3024C111FC1D17D009B4F07 /* Base */ = {isa = PBXFileReference; lastKnownFileType = file.storyboard; name = Base; path = Base.lproj/LaunchScreen.storyboard; sourceTree = "<group>"; };
		F3024C131FC1D17D009B4F07 /* Info.plist */ = {isa = PBXFileReference; lastKnownFileType = text.plist.xml; path = Info.plist; sourceTree = "<group>"; };
		F37D2BAB1FC1D72E00A20781 /* SendNotificationViewController.swift */ = {isa = PBXFileReference; lastKnownFileType = sourcecode.swift; path = SendNotificationViewController.swift; sourceTree = "<group>"; };
/* End PBXFileReference section */

/* Begin PBXFrameworksBuildPhase section */
		F3024C011FC1D17D009B4F07 /* Frameworks */ = {
			isa = PBXFrameworksBuildPhase;
			buildActionMask = 2147483647;
			files = (
				B6FB06A3619498F0850B661A /* Pods_ProjectNotification.framework in Frameworks */,
			);
			runOnlyForDeploymentPostprocessing = 0;
		};
/* End PBXFrameworksBuildPhase section */

/* Begin PBXGroup section */
		8270800F5508F9EE1609F48F /* Frameworks */ = {
			isa = PBXGroup;
			children = (
				19D8136513045712D350E2E2 /* Pods_ProjectNotification.framework */,
			);
			name = Frameworks;
			sourceTree = "<group>";
		};
		F3024BFB1FC1D17D009B4F07 = {
			isa = PBXGroup;
			children = (
				F3024C061FC1D17D009B4F07 /* ProjectNotification */,
				F3024C051FC1D17D009B4F07 /* Products */,
				FE166DF179D8E30ACA63F14F /* Pods */,
				8270800F5508F9EE1609F48F /* Frameworks */,
			);
			sourceTree = "<group>";
		};
		F3024C051FC1D17D009B4F07 /* Products */ = {
			isa = PBXGroup;
			children = (
				F3024C041FC1D17D009B4F07 /* ProjectNotification.app */,
			);
			name = Products;
			sourceTree = "<group>";
		};
		F3024C061FC1D17D009B4F07 /* ProjectNotification */ = {
			isa = PBXGroup;
			children = (
				F3024C071FC1D17D009B4F07 /* AppDelegate.swift */,
				F3024C091FC1D17D009B4F07 /* ViewController.swift */,
				F37D2BAB1FC1D72E00A20781 /* SendNotificationViewController.swift */,
				F3024C0B1FC1D17D009B4F07 /* Main.storyboard */,
				F3024C0E1FC1D17D009B4F07 /* Assets.xcassets */,
				F3024C101FC1D17D009B4F07 /* LaunchScreen.storyboard */,
				F3024C131FC1D17D009B4F07 /* Info.plist */,
			);
			path = ProjectNotification;
			sourceTree = "<group>";
		};
		FE166DF179D8E30ACA63F14F /* Pods */ = {
			isa = PBXGroup;
			children = (
				2487A40A0709EC3CE9F7051B /* Pods-ProjectNotification.debug.xcconfig */,
				C3A979A852397ABCC47D123B /* Pods-ProjectNotification.release.xcconfig */,
			);
			name = Pods;
			sourceTree = "<group>";
		};
/* End PBXGroup section */

/* Begin PBXNativeTarget section */
		F3024C031FC1D17D009B4F07 /* ProjectNotification */ = {
			isa = PBXNativeTarget;
			buildConfigurationList = F3024C161FC1D17D009B4F07 /* Build configuration list for PBXNativeTarget "ProjectNotification" */;
			buildPhases = (
				17C2C9272D452A28C244F403 /* [CP] Check Pods Manifest.lock */,
				F3024C001FC1D17D009B4F07 /* Sources */,
				F3024C011FC1D17D009B4F07 /* Frameworks */,
				F3024C021FC1D17D009B4F07 /* Resources */,
				FC74C654D5C2EBAA02BB18E3 /* [CP] Embed Pods Frameworks */,
				400596FE855A7D646E108E96 /* [CP] Copy Pods Resources */,
				F37D2BA91FC1D39300A20781 /* ShellScript */,
			);
			buildRules = (
			);
			dependencies = (
			);
			name = ProjectNotification;
			productName = ProjectNotification;
			productReference = F3024C041FC1D17D009B4F07 /* ProjectNotification.app */;
			productType = "com.apple.product-type.application";
		};
/* End PBXNativeTarget section */

/* Begin PBXProject section */
		F3024BFC1FC1D17D009B4F07 /* Project object */ = {
			isa = PBXProject;
			attributes = {
				LastSwiftUpdateCheck = 0910;
				LastUpgradeCheck = 0910;
				ORGANIZATIONNAME = "Elena Goroshko";
				TargetAttributes = {
					F3024C031FC1D17D009B4F07 = {
						CreatedOnToolsVersion = 9.1;
						ProvisioningStyle = Automatic;
					};
				};
			};
			buildConfigurationList = F3024BFF1FC1D17D009B4F07 /* Build configuration list for PBXProject "ProjectNotification" */;
			compatibilityVersion = "Xcode 8.0";
			developmentRegion = en;
			hasScannedForEncodings = 0;
			knownRegions = (
				en,
				Base,
			);
			mainGroup = F3024BFB1FC1D17D009B4F07;
			productRefGroup = F3024C051FC1D17D009B4F07 /* Products */;
			projectDirPath = "";
			projectRoot = "";
			targets = (
				F3024C031FC1D17D009B4F07 /* ProjectNotification */,
			);
		};
/* End PBXProject section */

/* Begin PBXResourcesBuildPhase section */
		F3024C021FC1D17D009B4F07 /* Resources */ = {
			isa = PBXResourcesBuildPhase;
			buildActionMask = 2147483647;
			files = (
				F3024C121FC1D17D009B4F07 /* LaunchScreen.storyboard in Resources */,
				F3024C0F1FC1D17D009B4F07 /* Assets.xcassets in Resources */,
				F3024C0D1FC1D17D009B4F07 /* Main.storyboard in Resources */,
			);
			runOnlyForDeploymentPostprocessing = 0;
		};
/* End PBXResourcesBuildPhase section */

/* Begin PBXShellScriptBuildPhase section */
		17C2C9272D452A28C244F403 /* [CP] Check Pods Manifest.lock */ = {
			isa = PBXShellScriptBuildPhase;
			buildActionMask = 2147483647;
			files = (
			);
			inputPaths = (
				"${PODS_PODFILE_DIR_PATH}/Podfile.lock",
				"${PODS_ROOT}/Manifest.lock",
			);
			name = "[CP] Check Pods Manifest.lock";
			outputPaths = (
				"$(DERIVED_FILE_DIR)/Pods-ProjectNotification-checkManifestLockResult.txt",
			);
			runOnlyForDeploymentPostprocessing = 0;
			shellPath = /bin/sh;
			shellScript = "diff \"${PODS_PODFILE_DIR_PATH}/Podfile.lock\" \"${PODS_ROOT}/Manifest.lock\" > /dev/null\nif [ $? != 0 ] ; then\n    # print error to STDERR\n    echo \"error: The sandbox is not in sync with the Podfile.lock. Run 'pod install' or update your CocoaPods installation.\" >&2\n    exit 1\nfi\n# This output is used by Xcode 'outputs' to avoid re-running this script phase.\necho \"SUCCESS\" > \"${SCRIPT_OUTPUT_FILE_0}\"\n";
			showEnvVarsInLog = 0;
		};
		400596FE855A7D646E108E96 /* [CP] Copy Pods Resources */ = {
			isa = PBXShellScriptBuildPhase;
			buildActionMask = 2147483647;
			files = (
			);
			inputPaths = (
			);
			name = "[CP] Copy Pods Resources";
			outputPaths = (
			);
			runOnlyForDeploymentPostprocessing = 0;
			shellPath = /bin/sh;
			shellScript = "\"${SRCROOT}/Pods/Target Support Files/Pods-ProjectNotification/Pods-ProjectNotification-resources.sh\"\n";
			showEnvVarsInLog = 0;
		};
		F37D2BA91FC1D39300A20781 /* ShellScript */ = {
			isa = PBXShellScriptBuildPhase;
			buildActionMask = 2147483647;
			files = (
			);
			inputPaths = (
			);
			outputPaths = (
			);
			runOnlyForDeploymentPostprocessing = 0;
			shellPath = /bin/sh;
			shellScript = "\"${PODS_ROOT}/SwiftLint/swiftlint\"";
		};
		FC74C654D5C2EBAA02BB18E3 /* [CP] Embed Pods Frameworks */ = {
			isa = PBXShellScriptBuildPhase;
			buildActionMask = 2147483647;
			files = (
			);
			inputPaths = (
			);
			name = "[CP] Embed Pods Frameworks";
			outputPaths = (
			);
			runOnlyForDeploymentPostprocessing = 0;
			shellPath = /bin/sh;
			shellScript = "\"${SRCROOT}/Pods/Target Support Files/Pods-ProjectNotification/Pods-ProjectNotification-frameworks.sh\"\n";
			showEnvVarsInLog = 0;
		};
/* End PBXShellScriptBuildPhase section */

/* Begin PBXSourcesBuildPhase section */
		F3024C001FC1D17D009B4F07 /* Sources */ = {
			isa = PBXSourcesBuildPhase;
			buildActionMask = 2147483647;
			files = (
				F37D2BAC1FC1D72E00A20781 /* SendNotificationViewController.swift in Sources */,
				F3024C0A1FC1D17D009B4F07 /* ViewController.swift in Sources */,
				F3024C081FC1D17D009B4F07 /* AppDelegate.swift in Sources */,
			);
			runOnlyForDeploymentPostprocessing = 0;
		};
/* End PBXSourcesBuildPhase section */

/* Begin PBXVariantGroup section */
		F3024C0B1FC1D17D009B4F07 /* Main.storyboard */ = {
			isa = PBXVariantGroup;
			children = (
				F3024C0C1FC1D17D009B4F07 /* Base */,
			);
			name = Main.storyboard;
			sourceTree = "<group>";
		};
		F3024C101FC1D17D009B4F07 /* LaunchScreen.storyboard */ = {
			isa = PBXVariantGroup;
			children = (
				F3024C111FC1D17D009B4F07 /* Base */,
			);
			name = LaunchScreen.storyboard;
			sourceTree = "<group>";
		};
/* End PBXVariantGroup section */

/* Begin XCBuildConfiguration section */
		F3024C141FC1D17D009B4F07 /* Debug */ = {
			isa = XCBuildConfiguration;
			buildSettings = {
				ALWAYS_SEARCH_USER_PATHS = NO;
				CLANG_ANALYZER_NONNULL = YES;
				CLANG_ANALYZER_NUMBER_OBJECT_CONVERSION = YES_AGGRESSIVE;
				CLANG_CXX_LANGUAGE_STANDARD = "gnu++14";
				CLANG_CXX_LIBRARY = "libc++";
				CLANG_ENABLE_MODULES = YES;
				CLANG_ENABLE_OBJC_ARC = YES;
				CLANG_WARN_BLOCK_CAPTURE_AUTORELEASING = YES;
				CLANG_WARN_BOOL_CONVERSION = YES;
				CLANG_WARN_COMMA = YES;
				CLANG_WARN_CONSTANT_CONVERSION = YES;
				CLANG_WARN_DIRECT_OBJC_ISA_USAGE = YES_ERROR;
				CLANG_WARN_DOCUMENTATION_COMMENTS = YES;
				CLANG_WARN_EMPTY_BODY = YES;
				CLANG_WARN_ENUM_CONVERSION = YES;
				CLANG_WARN_INFINITE_RECURSION = YES;
				CLANG_WARN_INT_CONVERSION = YES;
				CLANG_WARN_NON_LITERAL_NULL_CONVERSION = YES;
				CLANG_WARN_OBJC_LITERAL_CONVERSION = YES;
				CLANG_WARN_OBJC_ROOT_CLASS = YES_ERROR;
				CLANG_WARN_RANGE_LOOP_ANALYSIS = YES;
				CLANG_WARN_STRICT_PROTOTYPES = YES;
				CLANG_WARN_SUSPICIOUS_MOVE = YES;
				CLANG_WARN_UNGUARDED_AVAILABILITY = YES_AGGRESSIVE;
				CLANG_WARN_UNREACHABLE_CODE = YES;
				CLANG_WARN__DUPLICATE_METHOD_MATCH = YES;
				CODE_SIGN_IDENTITY = "iPhone Developer";
				COPY_PHASE_STRIP = NO;
				DEBUG_INFORMATION_FORMAT = dwarf;
				ENABLE_STRICT_OBJC_MSGSEND = YES;
				ENABLE_TESTABILITY = YES;
				GCC_C_LANGUAGE_STANDARD = gnu11;
				GCC_DYNAMIC_NO_PIC = NO;
				GCC_NO_COMMON_BLOCKS = YES;
				GCC_OPTIMIZATION_LEVEL = 0;
				GCC_PREPROCESSOR_DEFINITIONS = (
					"DEBUG=1",
					"$(inherited)",
				);
				GCC_WARN_64_TO_32_BIT_CONVERSION = YES;
				GCC_WARN_ABOUT_RETURN_TYPE = YES_ERROR;
				GCC_WARN_UNDECLARED_SELECTOR = YES;
				GCC_WARN_UNINITIALIZED_AUTOS = YES_AGGRESSIVE;
				GCC_WARN_UNUSED_FUNCTION = YES;
				GCC_WARN_UNUSED_VARIABLE = YES;
				IPHONEOS_DEPLOYMENT_TARGET = 11.1;
				MTL_ENABLE_DEBUG_INFO = YES;
				ONLY_ACTIVE_ARCH = YES;
				SDKROOT = iphoneos;
				SWIFT_ACTIVE_COMPILATION_CONDITIONS = DEBUG;
				SWIFT_OPTIMIZATION_LEVEL = "-Onone";
			};
			name = Debug;
		};
		F3024C151FC1D17D009B4F07 /* Release */ = {
			isa = XCBuildConfiguration;
			buildSettings = {
				ALWAYS_SEARCH_USER_PATHS = NO;
				CLANG_ANALYZER_NONNULL = YES;
				CLANG_ANALYZER_NUMBER_OBJECT_CONVERSION = YES_AGGRESSIVE;
				CLANG_CXX_LANGUAGE_STANDARD = "gnu++14";
				CLANG_CXX_LIBRARY = "libc++";
				CLANG_ENABLE_MODULES = YES;
				CLANG_ENABLE_OBJC_ARC = YES;
				CLANG_WARN_BLOCK_CAPTURE_AUTORELEASING = YES;
				CLANG_WARN_BOOL_CONVERSION = YES;
				CLANG_WARN_COMMA = YES;
				CLANG_WARN_CONSTANT_CONVERSION = YES;
				CLANG_WARN_DIRECT_OBJC_ISA_USAGE = YES_ERROR;
				CLANG_WARN_DOCUMENTATION_COMMENTS = YES;
				CLANG_WARN_EMPTY_BODY = YES;
				CLANG_WARN_ENUM_CONVERSION = YES;
				CLANG_WARN_INFINITE_RECURSION = YES;
				CLANG_WARN_INT_CONVERSION = YES;
				CLANG_WARN_NON_LITERAL_NULL_CONVERSION = YES;
				CLANG_WARN_OBJC_LITERAL_CONVERSION = YES;
				CLANG_WARN_OBJC_ROOT_CLASS = YES_ERROR;
				CLANG_WARN_RANGE_LOOP_ANALYSIS = YES;
				CLANG_WARN_STRICT_PROTOTYPES = YES;
				CLANG_WARN_SUSPICIOUS_MOVE = YES;
				CLANG_WARN_UNGUARDED_AVAILABILITY = YES_AGGRESSIVE;
				CLANG_WARN_UNREACHABLE_CODE = YES;
				CLANG_WARN__DUPLICATE_METHOD_MATCH = YES;
				CODE_SIGN_IDENTITY = "iPhone Developer";
				COPY_PHASE_STRIP = NO;
				DEBUG_INFORMATION_FORMAT = "dwarf-with-dsym";
				ENABLE_NS_ASSERTIONS = NO;
				ENABLE_STRICT_OBJC_MSGSEND = YES;
				GCC_C_LANGUAGE_STANDARD = gnu11;
				GCC_NO_COMMON_BLOCKS = YES;
				GCC_WARN_64_TO_32_BIT_CONVERSION = YES;
				GCC_WARN_ABOUT_RETURN_TYPE = YES_ERROR;
				GCC_WARN_UNDECLARED_SELECTOR = YES;
				GCC_WARN_UNINITIALIZED_AUTOS = YES_AGGRESSIVE;
				GCC_WARN_UNUSED_FUNCTION = YES;
				GCC_WARN_UNUSED_VARIABLE = YES;
				IPHONEOS_DEPLOYMENT_TARGET = 11.1;
				MTL_ENABLE_DEBUG_INFO = NO;
				SDKROOT = iphoneos;
				SWIFT_OPTIMIZATION_LEVEL = "-Owholemodule";
				VALIDATE_PRODUCT = YES;
			};
			name = Release;
		};
		F3024C171FC1D17D009B4F07 /* Debug */ = {
			isa = XCBuildConfiguration;
			baseConfigurationReference = 2487A40A0709EC3CE9F7051B /* Pods-ProjectNotification.debug.xcconfig */;
			buildSettings = {
				ASSETCATALOG_COMPILER_APPICON_NAME = AppIcon;
				CODE_SIGN_STYLE = Automatic;
				INFOPLIST_FILE = ProjectNotification/Info.plist;
				LD_RUNPATH_SEARCH_PATHS = "$(inherited) @executable_path/Frameworks";
				PRODUCT_BUNDLE_IDENTIFIER = "Elena-Goroshko.ProjectNotification";
				PRODUCT_NAME = "$(TARGET_NAME)";
				SWIFT_VERSION = 4.0;
				TARGETED_DEVICE_FAMILY = "1,2";
			};
			name = Debug;
		};
		F3024C181FC1D17D009B4F07 /* Release */ = {
			isa = XCBuildConfiguration;
			baseConfigurationReference = C3A979A852397ABCC47D123B /* Pods-ProjectNotification.release.xcconfig */;
			buildSettings = {
				ASSETCATALOG_COMPILER_APPICON_NAME = AppIcon;
				CODE_SIGN_STYLE = Automatic;
				INFOPLIST_FILE = ProjectNotification/Info.plist;
				LD_RUNPATH_SEARCH_PATHS = "$(inherited) @executable_path/Frameworks";
				PRODUCT_BUNDLE_IDENTIFIER = "Elena-Goroshko.ProjectNotification";
				PRODUCT_NAME = "$(TARGET_NAME)";
				SWIFT_VERSION = 4.0;
				TARGETED_DEVICE_FAMILY = "1,2";
			};
			name = Release;
		};
/* End XCBuildConfiguration section */

/* Begin XCConfigurationList section */
		F3024BFF1FC1D17D009B4F07 /* Build configuration list for PBXProject "ProjectNotification" */ = {
			isa = XCConfigurationList;
			buildConfigurations = (
				F3024C141FC1D17D009B4F07 /* Debug */,
				F3024C151FC1D17D009B4F07 /* Release */,
			);
			defaultConfigurationIsVisible = 0;
			defaultConfigurationName = Release;
		};
		F3024C161FC1D17D009B4F07 /* Build configuration list for PBXNativeTarget "ProjectNotification" */ = {
			isa = XCConfigurationList;
			buildConfigurations = (
				F3024C171FC1D17D009B4F07 /* Debug */,
				F3024C181FC1D17D009B4F07 /* Release */,
			);
			defaultConfigurationIsVisible = 0;
			defaultConfigurationName = Release;
		};
/* End XCConfigurationList section */
	};
	rootObject = F3024BFC1FC1D17D009B4F07 /* Project object */;
}
